
Microsoft Visual Studio Solution File, Format Version 12.00
# Visual Studio Version 17
VisualStudioVersion = 17.9.34714.143
MinimumVisualStudioVersion = 10.0.40219.1
Project("{2150E333-8FDC-42A3-9474-1A3956D46DE8}") = "src", "src", "{22CD0C79-0A23-48F5-AF4C-0FB6B7C91298}"
EndProject
Project("{9A19103F-16F7-4668-BE54-9A1E7A4F7556}") = "Mitra.API", "Mitra.API\Mitra.API.csproj", "{3856A469-610E-4232-BB31-D6D1735C56FF}"
EndProject
Project("{9A19103F-16F7-4668-BE54-9A1E7A4F7556}") = "Mitra.Domain", "Mitra.Domain\Mitra.Domain.csproj", "{D01BE713-5542-412F-BADA-000530FAFAF9}"
EndProject
Project("{9A19103F-16F7-4668-BE54-9A1E7A4F7556}") = "Mitra.Infrastructure", "Mitra.Infrastructure\Mitra.Infrastructure.csproj", "{14BA2B72-00E7-4E61-B32A-B5EC0BFF493B}"
EndProject
Project("{9A19103F-16F7-4668-BE54-9A1E7A4F7556}") = "Mitra.Web", "Mitra.Web\Mitra.Web.csproj", "{79AE87D7-CDE7-498B-8846-B154226F0876}"
EndProject
Project("{9A19103F-16F7-4668-BE54-9A1E7A4F7556}") = "Mitra.Hybrid", "Mitra.Hybrid\Mitra.Hybrid.csproj", "{46C3CA1C-E79F-4535-9228-55441EF42906}"
EndProject
Project("{9A19103F-16F7-4668-BE54-9A1E7A4F7556}") = "Mitra.Applications", "Mitra.Applications\Mitra.Applications.csproj", "{D294EEAA-1352-4F30-B096-EACA8D2C3F7E}"
EndProject
Project("{9A19103F-16F7-4668-BE54-9A1E7A4F7556}") = "Mitra.Component", "Mitra.Component\Mitra.Component.csproj", "{D3EAA838-2DA2-4A52-9B67-98611DB4580E}"
EndProject
Global
	GlobalSection(SolutionConfigurationPlatforms) = preSolution
		Debug|Any CPU = Debug|Any CPU
		Release|Any CPU = Release|Any CPU
	EndGlobalSection
	GlobalSection(ProjectConfigurationPlatforms) = postSolution
		{3856A469-610E-4232-BB31-D6D1735C56FF}.Debug|Any CPU.ActiveCfg = Debug|Any CPU
		{3856A469-610E-4232-BB31-D6D1735C56FF}.Debug|Any CPU.Build.0 = Debug|Any CPU
		{3856A469-610E-4232-BB31-D6D1735C56FF}.Release|Any CPU.ActiveCfg = Release|Any CPU
		{3856A469-610E-4232-BB31-D6D1735C56FF}.Release|Any CPU.Build.0 = Release|Any CPU
		{D01BE713-5542-412F-BADA-000530FAFAF9}.Debug|Any CPU.ActiveCfg = Debug|Any CPU
		{D01BE713-5542-412F-BADA-000530FAFAF9}.Debug|Any CPU.Build.0 = Debug|Any CPU
		{D01BE713-5542-412F-BADA-000530FAFAF9}.Release|Any CPU.ActiveCfg = Release|Any CPU
		{D01BE713-5542-412F-BADA-000530FAFAF9}.Release|Any CPU.Build.0 = Release|Any CPU
		{14BA2B72-00E7-4E61-B32A-B5EC0BFF493B}.Debug|Any CPU.ActiveCfg = Debug|Any CPU
		{14BA2B72-00E7-4E61-B32A-B5EC0BFF493B}.Debug|Any CPU.Build.0 = Debug|Any CPU
		{14BA2B72-00E7-4E61-B32A-B5EC0BFF493B}.Release|Any CPU.ActiveCfg = Release|Any CPU
		{14BA2B72-00E7-4E61-B32A-B5EC0BFF493B}.Release|Any CPU.Build.0 = Release|Any CPU
		{79AE87D7-CDE7-498B-8846-B154226F0876}.Debug|Any CPU.ActiveCfg = Debug|Any CPU
		{79AE87D7-CDE7-498B-8846-B154226F0876}.Debug|Any CPU.Build.0 = Debug|Any CPU
		{79AE87D7-CDE7-498B-8846-B154226F0876}.Release|Any CPU.ActiveCfg = Release|Any CPU
		{79AE87D7-CDE7-498B-8846-B154226F0876}.Release|Any CPU.Build.0 = Release|Any CPU
		{46C3CA1C-E79F-4535-9228-55441EF42906}.Debug|Any CPU.ActiveCfg = Debug|Any CPU
		{46C3CA1C-E79F-4535-9228-55441EF42906}.Debug|Any CPU.Build.0 = Debug|Any CPU
		{46C3CA1C-E79F-4535-9228-55441EF42906}.Debug|Any CPU.Deploy.0 = Debug|Any CPU
		{46C3CA1C-E79F-4535-9228-55441EF42906}.Release|Any CPU.ActiveCfg = Release|Any CPU
		{46C3CA1C-E79F-4535-9228-55441EF42906}.Release|Any CPU.Build.0 = Release|Any CPU
		{46C3CA1C-E79F-4535-9228-55441EF42906}.Release|Any CPU.Deploy.0 = Release|Any CPU
		{D294EEAA-1352-4F30-B096-EACA8D2C3F7E}.Debug|Any CPU.ActiveCfg = Debug|Any CPU
		{D294EEAA-1352-4F30-B096-EACA8D2C3F7E}.Debug|Any CPU.Build.0 = Debug|Any CPU
		{D294EEAA-1352-4F30-B096-EACA8D2C3F7E}.Release|Any CPU.ActiveCfg = Release|Any CPU
		{D294EEAA-1352-4F30-B096-EACA8D2C3F7E}.Release|Any CPU.Build.0 = Release|Any CPU
		{D3EAA838-2DA2-4A52-9B67-98611DB4580E}.Debug|Any CPU.ActiveCfg = Debug|Any CPU
		{D3EAA838-2DA2-4A52-9B67-98611DB4580E}.Debug|Any CPU.Build.0 = Debug|Any CPU
		{D3EAA838-2DA2-4A52-9B67-98611DB4580E}.Release|Any CPU.ActiveCfg = Release|Any CPU
		{D3EAA838-2DA2-4A52-9B67-98611DB4580E}.Release|Any CPU.Build.0 = Release|Any CPU
	EndGlobalSection
	GlobalSection(SolutionProperties) = preSolution
		HideSolutionNode = FALSE
	EndGlobalSection
	GlobalSection(NestedProjects) = preSolution
		{3856A469-610E-4232-BB31-D6D1735C56FF} = {22CD0C79-0A23-48F5-AF4C-0FB6B7C91298}
		{D01BE713-5542-412F-BADA-000530FAFAF9} = {22CD0C79-0A23-48F5-AF4C-0FB6B7C91298}
		{14BA2B72-00E7-4E61-B32A-B5EC0BFF493B} = {22CD0C79-0A23-48F5-AF4C-0FB6B7C91298}
		{79AE87D7-CDE7-498B-8846-B154226F0876} = {22CD0C79-0A23-48F5-AF4C-0FB6B7C91298}
		{46C3CA1C-E79F-4535-9228-55441EF42906} = {22CD0C79-0A23-48F5-AF4C-0FB6B7C91298}
		{D294EEAA-1352-4F30-B096-EACA8D2C3F7E} = {22CD0C79-0A23-48F5-AF4C-0FB6B7C91298}
		{D3EAA838-2DA2-4A52-9B67-98611DB4580E} = {22CD0C79-0A23-48F5-AF4C-0FB6B7C91298}
	EndGlobalSection
	GlobalSection(ExtensibilityGlobals) = postSolution
		SolutionGuid = {A1483DF6-FEAC-4267-A620-9A6E665F8B83}
	EndGlobalSection
EndGlobal
